
Microsoft Visual Studio Solution File, Format Version 12.00
# Visual Studio Version 17
VisualStudioVersion = 17.0.31903.59
MinimumVisualStudioVersion = 10.0.40219.1
Project("{2150E333-8FDC-42A3-9474-1A3956D46DE8}") = "src", "src", "{613ED10A-A1E6-4DD8-8030-33C225822658}"
EndProject
Project("{2150E333-8FDC-42A3-9474-1A3956D46DE8}") = "services", "services", "{145AD5A4-BC64-40EC-9996-9A3B5BBC1CA2}"
EndProject
Project("{FAE04EC0-301F-11D3-BF4B-00C04F79EFBC}") = "IdentityApi", "src\IdentityApi\IdentityApi.csproj", "{293A4C92-CBB4-4D82-86F4-B9DA09470A19}"
EndProject
Global
	GlobalSection(SolutionConfigurationPlatforms) = preSolution
		Debug|Any CPU = Debug|Any CPU
		Release|Any CPU = Release|Any CPU
	EndGlobalSection
	GlobalSection(ProjectConfigurationPlatforms) = postSolution
		{293A4C92-CBB4-4D82-86F4-B9DA09470A19}.Debug|Any CPU.ActiveCfg = Debug|Any CPU
		{293A4C92-CBB4-4D82-86F4-B9DA09470A19}.Debug|Any CPU.Build.0 = Debug|Any CPU
		{293A4C92-CBB4-4D82-86F4-B9DA09470A19}.Release|Any CPU.ActiveCfg = Release|Any CPU
		{293A4C92-CBB4-4D82-86F4-B9DA09470A19}.Release|Any CPU.Build.0 = Release|Any CPU
	EndGlobalSection
	GlobalSection(SolutionProperties) = preSolution
		HideSolutionNode = FALSE
	EndGlobalSection
	GlobalSection(NestedProjects) = preSolution
		{145AD5A4-BC64-40EC-9996-9A3B5BBC1CA2} = {613ED10A-A1E6-4DD8-8030-33C225822658}
		{293A4C92-CBB4-4D82-86F4-B9DA09470A19} = {145AD5A4-BC64-40EC-9996-9A3B5BBC1CA2}
	EndGlobalSection
EndGlobal
